// !$*UTF8*$!
{
	archiveVersion = 1;
	classes = {
	};
	objectVersion = 51;
	objects = {

/* Begin PBXBuildFile section */
		6551827E24BD055C9283CB01 /* Pods_EmployeeDetailsStore.framework in Frameworks */ = {isa = PBXBuildFile; fileRef = 79AA5CBDE8F2151BEDBEFBF9 /* Pods_EmployeeDetailsStore.framework */; };
		C70AFC1428338B1A0081CF04 /* AppDelegate.swift in Sources */ = {isa = PBXBuildFile; fileRef = C70AFC1328338B1A0081CF04 /* AppDelegate.swift */; };
		C70AFC1628338B1A0081CF04 /* SceneDelegate.swift in Sources */ = {isa = PBXBuildFile; fileRef = C70AFC1528338B1A0081CF04 /* SceneDelegate.swift */; };
		C70AFC1828338B1A0081CF04 /* ViewController.swift in Sources */ = {isa = PBXBuildFile; fileRef = C70AFC1728338B1A0081CF04 /* ViewController.swift */; };
		C70AFC1B28338B1A0081CF04 /* Main.storyboard in Resources */ = {isa = PBXBuildFile; fileRef = C70AFC1928338B1A0081CF04 /* Main.storyboard */; };
		C70AFC1E28338B1A0081CF04 /* EmployeeDetailsStore.xcdatamodeld in Sources */ = {isa = PBXBuildFile; fileRef = C70AFC1C28338B1A0081CF04 /* EmployeeDetailsStore.xcdatamodeld */; };
		C70AFC2028338B1C0081CF04 /* Assets.xcassets in Resources */ = {isa = PBXBuildFile; fileRef = C70AFC1F28338B1C0081CF04 /* Assets.xcassets */; };
		C70AFC2328338B1C0081CF04 /* LaunchScreen.storyboard in Resources */ = {isa = PBXBuildFile; fileRef = C70AFC2128338B1C0081CF04 /* LaunchScreen.storyboard */; };
		C70AFC3328338DD10081CF04 /* CategoryCell.swift in Sources */ = {isa = PBXBuildFile; fileRef = C70AFC3128338DD10081CF04 /* CategoryCell.swift */; };
		C70AFC3428338DD10081CF04 /* CategoryCell.xib in Resources */ = {isa = PBXBuildFile; fileRef = C70AFC3228338DD10081CF04 /* CategoryCell.xib */; };
		C70AFC3828338EBD0081CF04 /* EmployeeEmailCell.swift in Sources */ = {isa = PBXBuildFile; fileRef = C70AFC3628338EBD0081CF04 /* EmployeeEmailCell.swift */; };
		C70AFC3928338EBD0081CF04 /* EmployeeEmailCell.xib in Resources */ = {isa = PBXBuildFile; fileRef = C70AFC3728338EBD0081CF04 /* EmployeeEmailCell.xib */; };
		C70AFC41283394620081CF04 /* CoreData.framework in Frameworks */ = {isa = PBXBuildFile; fileRef = C70AFC40283394620081CF04 /* CoreData.framework */; settings = {ATTRIBUTES = (Required, ); }; };
		C70AFC43283395490081CF04 /* DatabaseHelper.swift in Sources */ = {isa = PBXBuildFile; fileRef = C70AFC42283395490081CF04 /* DatabaseHelper.swift */; };
		C70AFC5A2833BC770081CF04 /* libswiftCoreData.tbd in Frameworks */ = {isa = PBXBuildFile; fileRef = C70AFC592833BC770081CF04 /* libswiftCoreData.tbd */; };
		C70AFC5D2833BC8C0081CF04 /* CoreText.framework in Frameworks */ = {isa = PBXBuildFile; fileRef = C70AFC5C2833BC8C0081CF04 /* CoreText.framework */; };
		C7BA9B812833BFBA00AEEF8C /* Employeemail+CoreDataClass.swift in Sources */ = {isa = PBXBuildFile; fileRef = C7BA9B7D2833BFB900AEEF8C /* Employeemail+CoreDataClass.swift */; };
		C7BA9B832833BFBA00AEEF8C /* Employeemail+CoreDataProperties.swift in Sources */ = {isa = PBXBuildFile; fileRef = C7BA9B7E2833BFB900AEEF8C /* Employeemail+CoreDataProperties.swift */; };
/* End PBXBuildFile section */

/* Begin PBXFileReference section */
		4B5767746F6D409C5ACFEE07 /* Pods-EmployeeDetailsStore.release.xcconfig */ = {isa = PBXFileReference; includeInIndex = 1; lastKnownFileType = text.xcconfig; name = "Pods-EmployeeDetailsStore.release.xcconfig"; path = "Target Support Files/Pods-EmployeeDetailsStore/Pods-EmployeeDetailsStore.release.xcconfig"; sourceTree = "<group>"; };
		6648EFB28E9C490061264A9C /* Pods-EmployeeDetailsStore.debug.xcconfig */ = {isa = PBXFileReference; includeInIndex = 1; lastKnownFileType = text.xcconfig; name = "Pods-EmployeeDetailsStore.debug.xcconfig"; path = "Target Support Files/Pods-EmployeeDetailsStore/Pods-EmployeeDetailsStore.debug.xcconfig"; sourceTree = "<group>"; };
		79AA5CBDE8F2151BEDBEFBF9 /* Pods_EmployeeDetailsStore.framework */ = {isa = PBXFileReference; explicitFileType = wrapper.framework; includeInIndex = 0; path = Pods_EmployeeDetailsStore.framework; sourceTree = BUILT_PRODUCTS_DIR; };
		C70AFC1028338B1A0081CF04 /* EmployeeDetailsStore.app */ = {isa = PBXFileReference; explicitFileType = wrapper.application; includeInIndex = 0; path = EmployeeDetailsStore.app; sourceTree = BUILT_PRODUCTS_DIR; };
		C70AFC1328338B1A0081CF04 /* AppDelegate.swift */ = {isa = PBXFileReference; lastKnownFileType = sourcecode.swift; path = AppDelegate.swift; sourceTree = "<group>"; };
		C70AFC1528338B1A0081CF04 /* SceneDelegate.swift */ = {isa = PBXFileReference; lastKnownFileType = sourcecode.swift; path = SceneDelegate.swift; sourceTree = "<group>"; };
		C70AFC1728338B1A0081CF04 /* ViewController.swift */ = {isa = PBXFileReference; lastKnownFileType = sourcecode.swift; path = ViewController.swift; sourceTree = "<group>"; };
		C70AFC1A28338B1A0081CF04 /* Base */ = {isa = PBXFileReference; lastKnownFileType = file.storyboard; name = Base; path = Base.lproj/Main.storyboard; sourceTree = "<group>"; };
		C70AFC1D28338B1A0081CF04 /* EmployeeDetailsStore.xcdatamodel */ = {isa = PBXFileReference; lastKnownFileType = wrapper.xcdatamodel; path = EmployeeDetailsStore.xcdatamodel; sourceTree = "<group>"; };
		C70AFC1F28338B1C0081CF04 /* Assets.xcassets */ = {isa = PBXFileReference; lastKnownFileType = folder.assetcatalog; path = Assets.xcassets; sourceTree = "<group>"; };
		C70AFC2228338B1C0081CF04 /* Base */ = {isa = PBXFileReference; lastKnownFileType = file.storyboard; name = Base; path = Base.lproj/LaunchScreen.storyboard; sourceTree = "<group>"; };
		C70AFC2428338B1C0081CF04 /* Info.plist */ = {isa = PBXFileReference; lastKnownFileType = text.plist.xml; path = Info.plist; sourceTree = "<group>"; };
		C70AFC3128338DD10081CF04 /* CategoryCell.swift */ = {isa = PBXFileReference; lastKnownFileType = sourcecode.swift; path = CategoryCell.swift; sourceTree = "<group>"; };
		C70AFC3228338DD10081CF04 /* CategoryCell.xib */ = {isa = PBXFileReference; lastKnownFileType = file.xib; path = CategoryCell.xib; sourceTree = "<group>"; };
		C70AFC3628338EBD0081CF04 /* EmployeeEmailCell.swift */ = {isa = PBXFileReference; lastKnownFileType = sourcecode.swift; path = EmployeeEmailCell.swift; sourceTree = "<group>"; };
		C70AFC3728338EBD0081CF04 /* EmployeeEmailCell.xib */ = {isa = PBXFileReference; lastKnownFileType = file.xib; path = EmployeeEmailCell.xib; sourceTree = "<group>"; };
		C70AFC40283394620081CF04 /* CoreData.framework */ = {isa = PBXFileReference; lastKnownFileType = wrapper.framework; name = CoreData.framework; path = System/Library/Frameworks/CoreData.framework; sourceTree = SDKROOT; };
		C70AFC42283395490081CF04 /* DatabaseHelper.swift */ = {isa = PBXFileReference; lastKnownFileType = sourcecode.swift; path = DatabaseHelper.swift; sourceTree = "<group>"; };
		C70AFC592833BC770081CF04 /* libswiftCoreData.tbd */ = {isa = PBXFileReference; lastKnownFileType = "sourcecode.text-based-dylib-definition"; name = libswiftCoreData.tbd; path = usr/lib/swift/libswiftCoreData.tbd; sourceTree = SDKROOT; };
		C70AFC5C2833BC8C0081CF04 /* CoreText.framework */ = {isa = PBXFileReference; lastKnownFileType = wrapper.framework; name = CoreText.framework; path = System/Library/Frameworks/CoreText.framework; sourceTree = SDKROOT; };
		C7BA9B7D2833BFB900AEEF8C /* Employeemail+CoreDataClass.swift */ = {isa = PBXFileReference; lastKnownFileType = sourcecode.swift; name = "Employeemail+CoreDataClass.swift"; path = "/Users/meghna/Documents/Project/EmployeeDetailsStore/EmployeeDetailsStore/Employeemail+CoreDataClass.swift"; sourceTree = "<absolute>"; };
		C7BA9B7E2833BFB900AEEF8C /* Employeemail+CoreDataProperties.swift */ = {isa = PBXFileReference; lastKnownFileType = sourcecode.swift; name = "Employeemail+CoreDataProperties.swift"; path = "/Users/meghna/Documents/Project/EmployeeDetailsStore/EmployeeDetailsStore/Employeemail+CoreDataProperties.swift"; sourceTree = "<absolute>"; };
/* End PBXFileReference section */

/* Begin PBXFrameworksBuildPhase section */
		C70AFC0D28338B1A0081CF04 /* Frameworks */ = {
			isa = PBXFrameworksBuildPhase;
			buildActionMask = 2147483647;
			files = (
				C70AFC5D2833BC8C0081CF04 /* CoreText.framework in Frameworks */,
				C70AFC5A2833BC770081CF04 /* libswiftCoreData.tbd in Frameworks */,
				C70AFC41283394620081CF04 /* CoreData.framework in Frameworks */,
				6551827E24BD055C9283CB01 /* Pods_EmployeeDetailsStore.framework in Frameworks */,
			);
			runOnlyForDeploymentPostprocessing = 0;
		};
/* End PBXFrameworksBuildPhase section */

/* Begin PBXGroup section */
		39EC65B19B820A3139776F81 /* Pods */ = {
			isa = PBXGroup;
			children = (
				6648EFB28E9C490061264A9C /* Pods-EmployeeDetailsStore.debug.xcconfig */,
				4B5767746F6D409C5ACFEE07 /* Pods-EmployeeDetailsStore.release.xcconfig */,
			);
			path = Pods;
			sourceTree = "<group>";
		};
		C70AFC0728338B1A0081CF04 = {
			isa = PBXGroup;
			children = (
				C70AFC1228338B1A0081CF04 /* EmployeeDetailsStore */,
				C70AFC1128338B1A0081CF04 /* Products */,
				39EC65B19B820A3139776F81 /* Pods */,
				EC2C0190512BC179825DA063 /* Frameworks */,
			);
			sourceTree = "<group>";
		};
		C70AFC1128338B1A0081CF04 /* Products */ = {
			isa = PBXGroup;
			children = (
				C70AFC1028338B1A0081CF04 /* EmployeeDetailsStore.app */,
			);
			name = Products;
			sourceTree = "<group>";
		};
		C70AFC1228338B1A0081CF04 /* EmployeeDetailsStore */ = {
			isa = PBXGroup;
			children = (
				C70AFC1328338B1A0081CF04 /* AppDelegate.swift */,
				C70AFC1528338B1A0081CF04 /* SceneDelegate.swift */,
				C7BA9B7D2833BFB900AEEF8C /* Employeemail+CoreDataClass.swift */,
				C7BA9B7E2833BFB900AEEF8C /* Employeemail+CoreDataProperties.swift */,
				C70AFC1728338B1A0081CF04 /* ViewController.swift */,
				C70AFC1928338B1A0081CF04 /* Main.storyboard */,
				C70AFC1F28338B1C0081CF04 /* Assets.xcassets */,
				C70AFC2128338B1C0081CF04 /* LaunchScreen.storyboard */,
				C70AFC2428338B1C0081CF04 /* Info.plist */,
				C70AFC1C28338B1A0081CF04 /* EmployeeDetailsStore.xcdatamodeld */,
				C70AFC3128338DD10081CF04 /* CategoryCell.swift */,
				C70AFC3228338DD10081CF04 /* CategoryCell.xib */,
				C70AFC3628338EBD0081CF04 /* EmployeeEmailCell.swift */,
				C70AFC3728338EBD0081CF04 /* EmployeeEmailCell.xib */,
				C70AFC42283395490081CF04 /* DatabaseHelper.swift */,
			);
			path = EmployeeDetailsStore;
			sourceTree = "<group>";
		};
		EC2C0190512BC179825DA063 /* Frameworks */ = {
			isa = PBXGroup;
			children = (
				C70AFC5C2833BC8C0081CF04 /* CoreText.framework */,
				C70AFC592833BC770081CF04 /* libswiftCoreData.tbd */,
				C70AFC40283394620081CF04 /* CoreData.framework */,
				79AA5CBDE8F2151BEDBEFBF9 /* Pods_EmployeeDetailsStore.framework */,
			);
			name = Frameworks;
			sourceTree = "<group>";
		};
/* End PBXGroup section */

/* Begin PBXNativeTarget section */
		C70AFC0F28338B1A0081CF04 /* EmployeeDetailsStore */ = {
			isa = PBXNativeTarget;
			buildConfigurationList = C70AFC2728338B1C0081CF04 /* Build configuration list for PBXNativeTarget "EmployeeDetailsStore" */;
			buildPhases = (
				5A8C6596CC27495C1B32DF1B /* [CP] Check Pods Manifest.lock */,
				C70AFC0C28338B1A0081CF04 /* Sources */,
				C70AFC0D28338B1A0081CF04 /* Frameworks */,
				C70AFC0E28338B1A0081CF04 /* Resources */,
				BB4431758C8782F230FFFD22 /* [CP] Embed Pods Frameworks */,
			);
			buildRules = (
			);
			dependencies = (
			);
			name = EmployeeDetailsStore;
			productName = EmployeeDetailsStore;
			productReference = C70AFC1028338B1A0081CF04 /* EmployeeDetailsStore.app */;
			productType = "com.apple.product-type.application";
		};
/* End PBXNativeTarget section */

/* Begin PBXProject section */
		C70AFC0828338B1A0081CF04 /* Project object */ = {
			isa = PBXProject;
			attributes = {
				LastSwiftUpdateCheck = 1240;
				LastUpgradeCheck = 1240;
				TargetAttributes = {
					C70AFC0F28338B1A0081CF04 = {
						CreatedOnToolsVersion = 12.4;
					};
				};
			};
			buildConfigurationList = C70AFC0B28338B1A0081CF04 /* Build configuration list for PBXProject "EmployeeDetailsStore" */;
			compatibilityVersion = "Xcode 9.3";
			developmentRegion = en;
			hasScannedForEncodings = 0;
			knownRegions = (
				en,
				Base,
			);
			mainGroup = C70AFC0728338B1A0081CF04;
			productRefGroup = C70AFC1128338B1A0081CF04 /* Products */;
			projectDirPath = "";
			projectRoot = "";
			targets = (
				C70AFC0F28338B1A0081CF04 /* EmployeeDetailsStore */,
			);
		};
/* End PBXProject section */

/* Begin PBXResourcesBuildPhase section */
		C70AFC0E28338B1A0081CF04 /* Resources */ = {
			isa = PBXResourcesBuildPhase;
			buildActionMask = 2147483647;
			files = (
				C70AFC2328338B1C0081CF04 /* LaunchScreen.storyboard in Resources */,
				C70AFC2028338B1C0081CF04 /* Assets.xcassets in Resources */,
				C70AFC1B28338B1A0081CF04 /* Main.storyboard in Resources */,
				C70AFC3428338DD10081CF04 /* CategoryCell.xib in Resources */,
				C70AFC3928338EBD0081CF04 /* EmployeeEmailCell.xib in Resources */,
			);
			runOnlyForDeploymentPostprocessing = 0;
		};
/* End PBXResourcesBuildPhase section */

/* Begin PBXShellScriptBuildPhase section */
		5A8C6596CC27495C1B32DF1B /* [CP] Check Pods Manifest.lock */ = {
			isa = PBXShellScriptBuildPhase;
			buildActionMask = 2147483647;
			files = (
			);
			inputFileListPaths = (
			);
			inputPaths = (
				"${PODS_PODFILE_DIR_PATH}/Podfile.lock",
				"${PODS_ROOT}/Manifest.lock",
			);
			name = "[CP] Check Pods Manifest.lock";
			outputFileListPaths = (
			);
			outputPaths = (
				"$(DERIVED_FILE_DIR)/Pods-EmployeeDetailsStore-checkManifestLockResult.txt",
			);
			runOnlyForDeploymentPostprocessing = 0;
			shellPath = /bin/sh;
			shellScript = "diff \"${PODS_PODFILE_DIR_PATH}/Podfile.lock\" \"${PODS_ROOT}/Manifest.lock\" > /dev/null\nif [ $? != 0 ] ; then\n    # print error to STDERR\n    echo \"error: The sandbox is not in sync with the Podfile.lock. Run 'pod install' or update your CocoaPods installation.\" >&2\n    exit 1\nfi\n# This output is used by Xcode 'outputs' to avoid re-running this script phase.\necho \"SUCCESS\" > \"${SCRIPT_OUTPUT_FILE_0}\"\n";
			showEnvVarsInLog = 0;
		};
		BB4431758C8782F230FFFD22 /* [CP] Embed Pods Frameworks */ = {
			isa = PBXShellScriptBuildPhase;
			buildActionMask = 2147483647;
			files = (
			);
			inputFileListPaths = (
				"${PODS_ROOT}/Target Support Files/Pods-EmployeeDetailsStore/Pods-EmployeeDetailsStore-frameworks-${CONFIGURATION}-input-files.xcfilelist",
			);
			name = "[CP] Embed Pods Frameworks";
			outputFileListPaths = (
				"${PODS_ROOT}/Target Support Files/Pods-EmployeeDetailsStore/Pods-EmployeeDetailsStore-frameworks-${CONFIGURATION}-output-files.xcfilelist",
			);
			runOnlyForDeploymentPostprocessing = 0;
			shellPath = /bin/sh;
			shellScript = "\"${PODS_ROOT}/Target Support Files/Pods-EmployeeDetailsStore/Pods-EmployeeDetailsStore-frameworks.sh\"\n";
			showEnvVarsInLog = 0;
		};
/* End PBXShellScriptBuildPhase section */

/* Begin PBXSourcesBuildPhase section */
		C70AFC0C28338B1A0081CF04 /* Sources */ = {
			isa = PBXSourcesBuildPhase;
			buildActionMask = 2147483647;
			files = (
				C70AFC1E28338B1A0081CF04 /* EmployeeDetailsStore.xcdatamodeld in Sources */,
				C7BA9B832833BFBA00AEEF8C /* Employeemail+CoreDataProperties.swift in Sources */,
				C70AFC1828338B1A0081CF04 /* ViewController.swift in Sources */,
				C70AFC3828338EBD0081CF04 /* EmployeeEmailCell.swift in Sources */,
				C7BA9B812833BFBA00AEEF8C /* Employeemail+CoreDataClass.swift in Sources */,
				C70AFC43283395490081CF04 /* DatabaseHelper.swift in Sources */,
				C70AFC1428338B1A0081CF04 /* AppDelegate.swift in Sources */,
				C70AFC1628338B1A0081CF04 /* SceneDelegate.swift in Sources */,
				C70AFC3328338DD10081CF04 /* CategoryCell.swift in Sources */,
			);
			runOnlyForDeploymentPostprocessing = 0;
		};
/* End PBXSourcesBuildPhase section */

/* Begin PBXVariantGroup section */
		C70AFC1928338B1A0081CF04 /* Main.storyboard */ = {
			isa = PBXVariantGroup;
			children = (
				C70AFC1A28338B1A0081CF04 /* Base */,
			);
			name = Main.storyboard;
			sourceTree = "<group>";
		};
		C70AFC2128338B1C0081CF04 /* LaunchScreen.storyboard */ = {
			isa = PBXVariantGroup;
			children = (
				C70AFC2228338B1C0081CF04 /* Base */,
			);
			name = LaunchScreen.storyboard;
			sourceTree = "<group>";
		};
/* End PBXVariantGroup section */

/* Begin XCBuildConfiguration section */
		C70AFC2528338B1C0081CF04 /* Debug */ = {
			isa = XCBuildConfiguration;
			buildSettings = {
				ALWAYS_SEARCH_USER_PATHS = NO;
				CLANG_ANALYZER_NONNULL = YES;
				CLANG_ANALYZER_NUMBER_OBJECT_CONVERSION = YES_AGGRESSIVE;
				CLANG_CXX_LANGUAGE_STANDARD = "gnu++14";
				CLANG_CXX_LIBRARY = "libc++";
				CLANG_ENABLE_MODULES = YES;
				CLANG_ENABLE_OBJC_ARC = YES;
				CLANG_ENABLE_OBJC_WEAK = YES;
				CLANG_WARN_BLOCK_CAPTURE_AUTORELEASING = YES;
				CLANG_WARN_BOOL_CONVERSION = YES;
				CLANG_WARN_COMMA = YES;
				CLANG_WARN_CONSTANT_CONVERSION = YES;
				CLANG_WARN_DEPRECATED_OBJC_IMPLEMENTATIONS = YES;
				CLANG_WARN_DIRECT_OBJC_ISA_USAGE = YES_ERROR;
				CLANG_WARN_DOCUMENTATION_COMMENTS = YES;
				CLANG_WARN_EMPTY_BODY = YES;
				CLANG_WARN_ENUM_CONVERSION = YES;
				CLANG_WARN_INFINITE_RECURSION = YES;
				CLANG_WARN_INT_CONVERSION = YES;
				CLANG_WARN_NON_LITERAL_NULL_CONVERSION = YES;
				CLANG_WARN_OBJC_IMPLICIT_RETAIN_SELF = YES;
				CLANG_WARN_OBJC_LITERAL_CONVERSION = YES;
				CLANG_WARN_OBJC_ROOT_CLASS = YES_ERROR;
				CLANG_WARN_QUOTED_INCLUDE_IN_FRAMEWORK_HEADER = YES;
				CLANG_WARN_RANGE_LOOP_ANALYSIS = YES;
				CLANG_WARN_STRICT_PROTOTYPES = YES;
				CLANG_WARN_SUSPICIOUS_MOVE = YES;
				CLANG_WARN_UNGUARDED_AVAILABILITY = YES_AGGRESSIVE;
				CLANG_WARN_UNREACHABLE_CODE = YES;
				CLANG_WARN__DUPLICATE_METHOD_MATCH = YES;
				COPY_PHASE_STRIP = NO;
				DEBUG_INFORMATION_FORMAT = dwarf;
				ENABLE_STRICT_OBJC_MSGSEND = YES;
				ENABLE_TESTABILITY = YES;
				GCC_C_LANGUAGE_STANDARD = gnu11;
				GCC_DYNAMIC_NO_PIC = NO;
				GCC_NO_COMMON_BLOCKS = YES;
				GCC_OPTIMIZATION_LEVEL = 0;
				GCC_PREPROCESSOR_DEFINITIONS = (
					"DEBUG=1",
					"$(inherited)",
				);
				GCC_WARN_64_TO_32_BIT_CONVERSION = YES;
				GCC_WARN_ABOUT_RETURN_TYPE = YES_ERROR;
				GCC_WARN_UNDECLARED_SELECTOR = YES;
				GCC_WARN_UNINITIALIZED_AUTOS = YES_AGGRESSIVE;
				GCC_WARN_UNUSED_FUNCTION = YES;
				GCC_WARN_UNUSED_VARIABLE = YES;
				IPHONEOS_DEPLOYMENT_TARGET = 14.4;
				MTL_ENABLE_DEBUG_INFO = INCLUDE_SOURCE;
				MTL_FAST_MATH = YES;
				ONLY_ACTIVE_ARCH = YES;
				SDKROOT = iphoneos;
				SWIFT_ACTIVE_COMPILATION_CONDITIONS = DEBUG;
				SWIFT_OPTIMIZATION_LEVEL = "-Onone";
			};
			name = Debug;
		};
		C70AFC2628338B1C0081CF04 /* Release */ = {
			isa = XCBuildConfiguration;
			buildSettings = {
				ALWAYS_SEARCH_USER_PATHS = NO;
				CLANG_ANALYZER_NONNULL = YES;
				CLANG_ANALYZER_NUMBER_OBJECT_CONVERSION = YES_AGGRESSIVE;
				CLANG_CXX_LANGUAGE_STANDARD = "gnu++14";
				CLANG_CXX_LIBRARY = "libc++";
				CLANG_ENABLE_MODULES = YES;
				CLANG_ENABLE_OBJC_ARC = YES;
				CLANG_ENABLE_OBJC_WEAK = YES;
				CLANG_WARN_BLOCK_CAPTURE_AUTORELEASING = YES;
				CLANG_WARN_BOOL_CONVERSION = YES;
				CLANG_WARN_COMMA = YES;
				CLANG_WARN_CONSTANT_CONVERSION = YES;
				CLANG_WARN_DEPRECATED_OBJC_IMPLEMENTATIONS = YES;
				CLANG_WARN_DIRECT_OBJC_ISA_USAGE = YES_ERROR;
				CLANG_WARN_DOCUMENTATION_COMMENTS = YES;
				CLANG_WARN_EMPTY_BODY = YES;
				CLANG_WARN_ENUM_CONVERSION = YES;
				CLANG_WARN_INFINITE_RECURSION = YES;
				CLANG_WARN_INT_CONVERSION = YES;
				CLANG_WARN_NON_LITERAL_NULL_CONVERSION = YES;
				CLANG_WARN_OBJC_IMPLICIT_RETAIN_SELF = YES;
				CLANG_WARN_OBJC_LITERAL_CONVERSION = YES;
				CLANG_WARN_OBJC_ROOT_CLASS = YES_ERROR;
				CLANG_WARN_QUOTED_INCLUDE_IN_FRAMEWORK_HEADER = YES;
				CLANG_WARN_RANGE_LOOP_ANALYSIS = YES;
				CLANG_WARN_STRICT_PROTOTYPES = YES;
				CLANG_WARN_SUSPICIOUS_MOVE = YES;
				CLANG_WARN_UNGUARDED_AVAILABILITY = YES_AGGRESSIVE;
				CLANG_WARN_UNREACHABLE_CODE = YES;
				CLANG_WARN__DUPLICATE_METHOD_MATCH = YES;
				COPY_PHASE_STRIP = NO;
				DEBUG_INFORMATION_FORMAT = "dwarf-with-dsym";
				ENABLE_NS_ASSERTIONS = NO;
				ENABLE_STRICT_OBJC_MSGSEND = YES;
				GCC_C_LANGUAGE_STANDARD = gnu11;
				GCC_NO_COMMON_BLOCKS = YES;
				GCC_WARN_64_TO_32_BIT_CONVERSION = YES;
				GCC_WARN_ABOUT_RETURN_TYPE = YES_ERROR;
				GCC_WARN_UNDECLARED_SELECTOR = YES;
				GCC_WARN_UNINITIALIZED_AUTOS = YES_AGGRESSIVE;
				GCC_WARN_UNUSED_FUNCTION = YES;
				GCC_WARN_UNUSED_VARIABLE = YES;
				IPHONEOS_DEPLOYMENT_TARGET = 14.4;
				MTL_ENABLE_DEBUG_INFO = NO;
				MTL_FAST_MATH = YES;
				SDKROOT = iphoneos;
				SWIFT_COMPILATION_MODE = wholemodule;
				SWIFT_OPTIMIZATION_LEVEL = "-O";
				VALIDATE_PRODUCT = YES;
			};
			name = Release;
		};
		C70AFC2828338B1C0081CF04 /* Debug */ = {
			isa = XCBuildConfiguration;
			baseConfigurationReference = 6648EFB28E9C490061264A9C /* Pods-EmployeeDetailsStore.debug.xcconfig */;
			buildSettings = {
				ASSETCATALOG_COMPILER_APPICON_NAME = AppIcon;
				ASSETCATALOG_COMPILER_GLOBAL_ACCENT_COLOR_NAME = AccentColor;
				CODE_SIGN_STYLE = Automatic;
				INFOPLIST_FILE = EmployeeDetailsStore/Info.plist;
				LD_RUNPATH_SEARCH_PATHS = (
					"$(inherited)",
					"@executable_path/Frameworks",
				);
				LIBRARY_SEARCH_PATHS = (
					"$(inherited)",
					"$(SDKROOT)/usr/lib/swift",
				);
				PRODUCT_BUNDLE_IDENTIFIER = com.meghana.EmployeeDetailsStore;
				PRODUCT_NAME = "$(TARGET_NAME)";
				SWIFT_VERSION = 5.0;
				TARGETED_DEVICE_FAMILY = "1,2";
			};
			name = Debug;
		};
		C70AFC2928338B1C0081CF04 /* Release */ = {
			isa = XCBuildConfiguration;
			baseConfigurationReference = 4B5767746F6D409C5ACFEE07 /* Pods-EmployeeDetailsStore.release.xcconfig */;
			buildSettings = {
				ASSETCATALOG_COMPILER_APPICON_NAME = AppIcon;
				ASSETCATALOG_COMPILER_GLOBAL_ACCENT_COLOR_NAME = AccentColor;
				CODE_SIGN_STYLE = Automatic;
				INFOPLIST_FILE = EmployeeDetailsStore/Info.plist;
				LD_RUNPATH_SEARCH_PATHS = (
					"$(inherited)",
					"@executable_path/Frameworks",
				);
				LIBRARY_SEARCH_PATHS = (
					"$(inherited)",
					"$(SDKROOT)/usr/lib/swift",
				);
				PRODUCT_BUNDLE_IDENTIFIER = com.meghana.EmployeeDetailsStore;
				PRODUCT_NAME = "$(TARGET_NAME)";
				SWIFT_VERSION = 5.0;
				TARGETED_DEVICE_FAMILY = "1,2";
			};
			name = Release;
		};
/* End XCBuildConfiguration section */

/* Begin XCConfigurationList section */
		C70AFC0B28338B1A0081CF04 /* Build configuration list for PBXProject "EmployeeDetailsStore" */ = {
			isa = XCConfigurationList;
			buildConfigurations = (
				C70AFC2528338B1C0081CF04 /* Debug */,
				C70AFC2628338B1C0081CF04 /* Release */,
			);
			defaultConfigurationIsVisible = 0;
			defaultConfigurationName = Release;
		};
		C70AFC2728338B1C0081CF04 /* Build configuration list for PBXNativeTarget "EmployeeDetailsStore" */ = {
			isa = XCConfigurationList;
			buildConfigurations = (
				C70AFC2828338B1C0081CF04 /* Debug */,
				C70AFC2928338B1C0081CF04 /* Release */,
			);
			defaultConfigurationIsVisible = 0;
			defaultConfigurationName = Release;
		};
/* End XCConfigurationList section */

/* Begin XCVersionGroup section */
		C70AFC1C28338B1A0081CF04 /* EmployeeDetailsStore.xcdatamodeld */ = {
			isa = XCVersionGroup;
			children = (
				C70AFC1D28338B1A0081CF04 /* EmployeeDetailsStore.xcdatamodel */,
			);
			currentVersion = C70AFC1D28338B1A0081CF04 /* EmployeeDetailsStore.xcdatamodel */;
			path = EmployeeDetailsStore.xcdatamodeld;
			sourceTree = "<group>";
			versionGroupType = wrapper.xcdatamodel;
		};
/* End XCVersionGroup section */
	};
	rootObject = C70AFC0828338B1A0081CF04 /* Project object */;
}
